// !$*UTF8*$!
{
	archiveVersion = 1;
	classes = {
	};
	objectVersion = 48;
	objects = {

/* Begin PBXBuildFile section */
		D88DB0141F942BAA00149357 /* AppDelegate.swift in Sources */ = {isa = PBXBuildFile; fileRef = D88DB0131F942BAA00149357 /* AppDelegate.swift */; };
		D88DB0161F942BAA00149357 /* ViewController.swift in Sources */ = {isa = PBXBuildFile; fileRef = D88DB0151F942BAA00149357 /* ViewController.swift */; };
		D88DB0191F942BAA00149357 /* Main.storyboard in Resources */ = {isa = PBXBuildFile; fileRef = D88DB0171F942BAA00149357 /* Main.storyboard */; };
		D88DB01C1F942BAA00149357 /* Tipsy_Driver.xcdatamodeld in Sources */ = {isa = PBXBuildFile; fileRef = D88DB01A1F942BAA00149357 /* Tipsy_Driver.xcdatamodeld */; };
		D88DB01E1F942BAA00149357 /* Assets.xcassets in Resources */ = {isa = PBXBuildFile; fileRef = D88DB01D1F942BAA00149357 /* Assets.xcassets */; };
		D88DB0211F942BAA00149357 /* LaunchScreen.storyboard in Resources */ = {isa = PBXBuildFile; fileRef = D88DB01F1F942BAA00149357 /* LaunchScreen.storyboard */; };
		D88DB0291F94390600149357 /* Calculate Class : Entry Struct.swift in Sources */ = {isa = PBXBuildFile; fileRef = D88DB0281F94390600149357 /* Calculate Class : Entry Struct.swift */; };
		D88DB02B1F945EE700149357 /* AddEntryViewController.swift in Sources */ = {isa = PBXBuildFile; fileRef = D88DB02A1F945EE700149357 /* AddEntryViewController.swift */; };
/* End PBXBuildFile section */

/* Begin PBXFileReference section */
		D88DB0101F942BAA00149357 /* Tipsy Driver.app */ = {isa = PBXFileReference; explicitFileType = wrapper.application; includeInIndex = 0; path = "Tipsy Driver.app"; sourceTree = BUILT_PRODUCTS_DIR; };
		D88DB0131F942BAA00149357 /* AppDelegate.swift */ = {isa = PBXFileReference; lastKnownFileType = sourcecode.swift; path = AppDelegate.swift; sourceTree = "<group>"; };
		D88DB0151F942BAA00149357 /* ViewController.swift */ = {isa = PBXFileReference; lastKnownFileType = sourcecode.swift; path = ViewController.swift; sourceTree = "<group>"; };
		D88DB0181F942BAA00149357 /* Base */ = {isa = PBXFileReference; lastKnownFileType = file.storyboard; name = Base; path = Base.lproj/Main.storyboard; sourceTree = "<group>"; };
		D88DB01B1F942BAA00149357 /* Tipsy_Driver.xcdatamodel */ = {isa = PBXFileReference; lastKnownFileType = wrapper.xcdatamodel; path = Tipsy_Driver.xcdatamodel; sourceTree = "<group>"; };
		D88DB01D1F942BAA00149357 /* Assets.xcassets */ = {isa = PBXFileReference; lastKnownFileType = folder.assetcatalog; path = Assets.xcassets; sourceTree = "<group>"; };
		D88DB0201F942BAA00149357 /* Base */ = {isa = PBXFileReference; lastKnownFileType = file.storyboard; name = Base; path = Base.lproj/LaunchScreen.storyboard; sourceTree = "<group>"; };
		D88DB0221F942BAA00149357 /* Info.plist */ = {isa = PBXFileReference; lastKnownFileType = text.plist.xml; path = Info.plist; sourceTree = "<group>"; };
		D88DB0281F94390600149357 /* Calculate Class : Entry Struct.swift */ = {isa = PBXFileReference; lastKnownFileType = sourcecode.swift; path = "Calculate Class : Entry Struct.swift"; sourceTree = "<group>"; };
		D88DB02A1F945EE700149357 /* AddEntryViewController.swift */ = {isa = PBXFileReference; lastKnownFileType = sourcecode.swift; path = AddEntryViewController.swift; sourceTree = "<group>"; };
/* End PBXFileReference section */

/* Begin PBXFrameworksBuildPhase section */
		D88DB00D1F942BAA00149357 /* Frameworks */ = {
			isa = PBXFrameworksBuildPhase;
			buildActionMask = 2147483647;
			files = (
			);
			runOnlyForDeploymentPostprocessing = 0;
		};
/* End PBXFrameworksBuildPhase section */

/* Begin PBXGroup section */
		D88DB0071F942BAA00149357 = {
			isa = PBXGroup;
			children = (
				D88DB0121F942BAA00149357 /* Tipsy Driver */,
				D88DB0111F942BAA00149357 /* Products */,
			);
			sourceTree = "<group>";
		};
		D88DB0111F942BAA00149357 /* Products */ = {
			isa = PBXGroup;
			children = (
				D88DB0101F942BAA00149357 /* Tipsy Driver.app */,
			);
			name = Products;
			sourceTree = "<group>";
		};
		D88DB0121F942BAA00149357 /* Tipsy Driver */ = {
			isa = PBXGroup;
			children = (
				D88DB0131F942BAA00149357 /* AppDelegate.swift */,
				D88DB0151F942BAA00149357 /* ViewController.swift */,
				D88DB0171F942BAA00149357 /* Main.storyboard */,
				D88DB02A1F945EE700149357 /* AddEntryViewController.swift */,
				D88DB0281F94390600149357 /* Calculate Class : Entry Struct.swift */,
				D88DB01D1F942BAA00149357 /* Assets.xcassets */,
				D88DB01F1F942BAA00149357 /* LaunchScreen.storyboard */,
				D88DB0221F942BAA00149357 /* Info.plist */,
				D88DB01A1F942BAA00149357 /* Tipsy_Driver.xcdatamodeld */,
			);
			path = "Tipsy Driver";
			sourceTree = "<group>";
		};
/* End PBXGroup section */

/* Begin PBXNativeTarget section */
		D88DB00F1F942BAA00149357 /* Tipsy Driver */ = {
			isa = PBXNativeTarget;
			buildConfigurationList = D88DB0251F942BAA00149357 /* Build configuration list for PBXNativeTarget "Tipsy Driver" */;
			buildPhases = (
				D88DB00C1F942BAA00149357 /* Sources */,
				D88DB00D1F942BAA00149357 /* Frameworks */,
				D88DB00E1F942BAA00149357 /* Resources */,
			);
			buildRules = (
			);
			dependencies = (
			);
			name = "Tipsy Driver";
			productName = "Tipsy Driver";
			productReference = D88DB0101F942BAA00149357 /* Tipsy Driver.app */;
			productType = "com.apple.product-type.application";
		};
/* End PBXNativeTarget section */

/* Begin PBXProject section */
		D88DB0081F942BAA00149357 /* Project object */ = {
			isa = PBXProject;
			attributes = {
				LastSwiftUpdateCheck = 0900;
				LastUpgradeCheck = 0900;
				ORGANIZATIONNAME = "Nathan Standage";
				TargetAttributes = {
					D88DB00F1F942BAA00149357 = {
						CreatedOnToolsVersion = 9.0;
						ProvisioningStyle = Automatic;
					};
				};
			};
			buildConfigurationList = D88DB00B1F942BAA00149357 /* Build configuration list for PBXProject "Tipsy Driver" */;
			compatibilityVersion = "Xcode 8.0";
			developmentRegion = en;
			hasScannedForEncodings = 0;
			knownRegions = (
				en,
				Base,
			);
			mainGroup = D88DB0071F942BAA00149357;
			productRefGroup = D88DB0111F942BAA00149357 /* Products */;
			projectDirPath = "";
			projectRoot = "";
			targets = (
				D88DB00F1F942BAA00149357 /* Tipsy Driver */,
			);
		};
/* End PBXProject section */

/* Begin PBXResourcesBuildPhase section */
		D88DB00E1F942BAA00149357 /* Resources */ = {
			isa = PBXResourcesBuildPhase;
			buildActionMask = 2147483647;
			files = (
				D88DB0211F942BAA00149357 /* LaunchScreen.storyboard in Resources */,
				D88DB01E1F942BAA00149357 /* Assets.xcassets in Resources */,
				D88DB0191F942BAA00149357 /* Main.storyboard in Resources */,
			);
			runOnlyForDeploymentPostprocessing = 0;
		};
/* End PBXResourcesBuildPhase section */

/* Begin PBXSourcesBuildPhase section */
		D88DB00C1F942BAA00149357 /* Sources */ = {
			isa = PBXSourcesBuildPhase;
			buildActionMask = 2147483647;
			files = (
				D88DB0291F94390600149357 /* Calculate Class : Entry Struct.swift in Sources */,
				D88DB01C1F942BAA00149357 /* Tipsy_Driver.xcdatamodeld in Sources */,
				D88DB0161F942BAA00149357 /* ViewController.swift in Sources */,
				D88DB02B1F945EE700149357 /* AddEntryViewController.swift in Sources */,
				D88DB0141F942BAA00149357 /* AppDelegate.swift in Sources */,
			);
			runOnlyForDeploymentPostprocessing = 0;
		};
/* End PBXSourcesBuildPhase section */

/* Begin PBXVariantGroup section */
		D88DB0171F942BAA00149357 /* Main.storyboard */ = {
			isa = PBXVariantGroup;
			children = (
				D88DB0181F942BAA00149357 /* Base */,
			);
			name = Main.storyboard;
			sourceTree = "<group>";
		};
		D88DB01F1F942BAA00149357 /* LaunchScreen.storyboard */ = {
			isa = PBXVariantGroup;
			children = (
				D88DB0201F942BAA00149357 /* Base */,
			);
			name = LaunchScreen.storyboard;
			sourceTree = "<group>";
		};
/* End PBXVariantGroup section */

/* Begin XCBuildConfiguration section */
		D88DB0231F942BAA00149357 /* Debug */ = {
			isa = XCBuildConfiguration;
			buildSettings = {
				ALWAYS_SEARCH_USER_PATHS = NO;
				CLANG_ANALYZER_NONNULL = YES;
				CLANG_ANALYZER_NUMBER_OBJECT_CONVERSION = YES_AGGRESSIVE;
				CLANG_CXX_LANGUAGE_STANDARD = "gnu++14";
				CLANG_CXX_LIBRARY = "libc++";
				CLANG_ENABLE_MODULES = YES;
				CLANG_ENABLE_OBJC_ARC = YES;
				CLANG_WARN_BLOCK_CAPTURE_AUTORELEASING = YES;
				CLANG_WARN_BOOL_CONVERSION = YES;
				CLANG_WARN_COMMA = YES;
				CLANG_WARN_CONSTANT_CONVERSION = YES;
				CLANG_WARN_DIRECT_OBJC_ISA_USAGE = YES_ERROR;
				CLANG_WARN_DOCUMENTATION_COMMENTS = YES;
				CLANG_WARN_EMPTY_BODY = YES;
				CLANG_WARN_ENUM_CONVERSION = YES;
				CLANG_WARN_INFINITE_RECURSION = YES;
				CLANG_WARN_INT_CONVERSION = YES;
				CLANG_WARN_NON_LITERAL_NULL_CONVERSION = YES;
				CLANG_WARN_OBJC_LITERAL_CONVERSION = YES;
				CLANG_WARN_OBJC_ROOT_CLASS = YES_ERROR;
				CLANG_WARN_RANGE_LOOP_ANALYSIS = YES;
				CLANG_WARN_STRICT_PROTOTYPES = YES;
				CLANG_WARN_SUSPICIOUS_MOVE = YES;
				CLANG_WARN_UNGUARDED_AVAILABILITY = YES_AGGRESSIVE;
				CLANG_WARN_UNREACHABLE_CODE = YES;
				CLANG_WARN__DUPLICATE_METHOD_MATCH = YES;
				CODE_SIGN_IDENTITY = "iPhone Developer";
				COPY_PHASE_STRIP = NO;
				DEBUG_INFORMATION_FORMAT = dwarf;
				ENABLE_STRICT_OBJC_MSGSEND = YES;
				ENABLE_TESTABILITY = YES;
				GCC_C_LANGUAGE_STANDARD = gnu11;
				GCC_DYNAMIC_NO_PIC = NO;
				GCC_NO_COMMON_BLOCKS = YES;
				GCC_OPTIMIZATION_LEVEL = 0;
				GCC_PREPROCESSOR_DEFINITIONS = (
					"DEBUG=1",
					"$(inherited)",
				);
				GCC_WARN_64_TO_32_BIT_CONVERSION = YES;
				GCC_WARN_ABOUT_RETURN_TYPE = YES_ERROR;
				GCC_WARN_UNDECLARED_SELECTOR = YES;
				GCC_WARN_UNINITIALIZED_AUTOS = YES_AGGRESSIVE;
				GCC_WARN_UNUSED_FUNCTION = YES;
				GCC_WARN_UNUSED_VARIABLE = YES;
				IPHONEOS_DEPLOYMENT_TARGET = 11.0;
				MTL_ENABLE_DEBUG_INFO = YES;
				ONLY_ACTIVE_ARCH = YES;
				SDKROOT = iphoneos;
				SWIFT_ACTIVE_COMPILATION_CONDITIONS = DEBUG;
				SWIFT_OPTIMIZATION_LEVEL = "-Onone";
			};
			name = Debug;
		};
		D88DB0241F942BAA00149357 /* Release */ = {
			isa = XCBuildConfiguration;
			buildSettings = {
				ALWAYS_SEARCH_USER_PATHS = NO;
				CLANG_ANALYZER_NONNULL = YES;
				CLANG_ANALYZER_NUMBER_OBJECT_CONVERSION = YES_AGGRESSIVE;
				CLANG_CXX_LANGUAGE_STANDARD = "gnu++14";
				CLANG_CXX_LIBRARY = "libc++";
				CLANG_ENABLE_MODULES = YES;
				CLANG_ENABLE_OBJC_ARC = YES;
				CLANG_WARN_BLOCK_CAPTURE_AUTORELEASING = YES;
				CLANG_WARN_BOOL_CONVERSION = YES;
				CLANG_WARN_COMMA = YES;
				CLANG_WARN_CONSTANT_CONVERSION = YES;
				CLANG_WARN_DIRECT_OBJC_ISA_USAGE = YES_ERROR;
				CLANG_WARN_DOCUMENTATION_COMMENTS = YES;
				CLANG_WARN_EMPTY_BODY = YES;
				CLANG_WARN_ENUM_CONVERSION = YES;
				CLANG_WARN_INFINITE_RECURSION = YES;
				CLANG_WARN_INT_CONVERSION = YES;
				CLANG_WARN_NON_LITERAL_NULL_CONVERSION = YES;
				CLANG_WARN_OBJC_LITERAL_CONVERSION = YES;
				CLANG_WARN_OBJC_ROOT_CLASS = YES_ERROR;
				CLANG_WARN_RANGE_LOOP_ANALYSIS = YES;
				CLANG_WARN_STRICT_PROTOTYPES = YES;
				CLANG_WARN_SUSPICIOUS_MOVE = YES;
				CLANG_WARN_UNGUARDED_AVAILABILITY = YES_AGGRESSIVE;
				CLANG_WARN_UNREACHABLE_CODE = YES;
				CLANG_WARN__DUPLICATE_METHOD_MATCH = YES;
				CODE_SIGN_IDENTITY = "iPhone Developer";
				COPY_PHASE_STRIP = NO;
				DEBUG_INFORMATION_FORMAT = "dwarf-with-dsym";
				ENABLE_NS_ASSERTIONS = NO;
				ENABLE_STRICT_OBJC_MSGSEND = YES;
				GCC_C_LANGUAGE_STANDARD = gnu11;
				GCC_NO_COMMON_BLOCKS = YES;
				GCC_WARN_64_TO_32_BIT_CONVERSION = YES;
				GCC_WARN_ABOUT_RETURN_TYPE = YES_ERROR;
				GCC_WARN_UNDECLARED_SELECTOR = YES;
				GCC_WARN_UNINITIALIZED_AUTOS = YES_AGGRESSIVE;
				GCC_WARN_UNUSED_FUNCTION = YES;
				GCC_WARN_UNUSED_VARIABLE = YES;
				IPHONEOS_DEPLOYMENT_TARGET = 11.0;
				MTL_ENABLE_DEBUG_INFO = NO;
				SDKROOT = iphoneos;
				SWIFT_OPTIMIZATION_LEVEL = "-Owholemodule";
				VALIDATE_PRODUCT = YES;
			};
			name = Release;
		};
		D88DB0261F942BAA00149357 /* Debug */ = {
			isa = XCBuildConfiguration;
			buildSettings = {
				ASSETCATALOG_COMPILER_APPICON_NAME = AppIcon;
				CODE_SIGN_STYLE = Automatic;
				DEVELOPMENT_TEAM = 4YF3X5R4SE;
				INFOPLIST_FILE = "Tipsy Driver/Info.plist";
				IPHONEOS_DEPLOYMENT_TARGET = 11.0;
				LD_RUNPATH_SEARCH_PATHS = "$(inherited) @executable_path/Frameworks";
				PRODUCT_BUNDLE_IDENTIFIER = "com.nathanstandage.Tipsy-Driver";
				PRODUCT_NAME = "$(TARGET_NAME)";
				SWIFT_VERSION = 4.0;
				TARGETED_DEVICE_FAMILY = 1;
			};
			name = Debug;
		};
		D88DB0271F942BAA00149357 /* Release */ = {
			isa = XCBuildConfiguration;
			buildSettings = {
				ASSETCATALOG_COMPILER_APPICON_NAME = AppIcon;
				CODE_SIGN_STYLE = Automatic;
				DEVELOPMENT_TEAM = 4YF3X5R4SE;
				INFOPLIST_FILE = "Tipsy Driver/Info.plist";
				IPHONEOS_DEPLOYMENT_TARGET = 11.0;
				LD_RUNPATH_SEARCH_PATHS = "$(inherited) @executable_path/Frameworks";
				PRODUCT_BUNDLE_IDENTIFIER = "com.nathanstandage.Tipsy-Driver";
				PRODUCT_NAME = "$(TARGET_NAME)";
				SWIFT_VERSION = 4.0;
				TARGETED_DEVICE_FAMILY = 1;
			};
			name = Release;
		};
/* End XCBuildConfiguration section */

/* Begin XCConfigurationList section */
		D88DB00B1F942BAA00149357 /* Build configuration list for PBXProject "Tipsy Driver" */ = {
			isa = XCConfigurationList;
			buildConfigurations = (
				D88DB0231F942BAA00149357 /* Debug */,
				D88DB0241F942BAA00149357 /* Release */,
			);
			defaultConfigurationIsVisible = 0;
			defaultConfigurationName = Release;
		};
		D88DB0251F942BAA00149357 /* Build configuration list for PBXNativeTarget "Tipsy Driver" */ = {
			isa = XCConfigurationList;
			buildConfigurations = (
				D88DB0261F942BAA00149357 /* Debug */,
				D88DB0271F942BAA00149357 /* Release */,
			);
			defaultConfigurationIsVisible = 0;
			defaultConfigurationName = Release;
		};
/* End XCConfigurationList section */

/* Begin XCVersionGroup section */
		D88DB01A1F942BAA00149357 /* Tipsy_Driver.xcdatamodeld */ = {
			isa = XCVersionGroup;
			children = (
				D88DB01B1F942BAA00149357 /* Tipsy_Driver.xcdatamodel */,
			);
			currentVersion = D88DB01B1F942BAA00149357 /* Tipsy_Driver.xcdatamodel */;
			path = Tipsy_Driver.xcdatamodeld;
			sourceTree = "<group>";
			versionGroupType = wrapper.xcdatamodel;
		};
/* End XCVersionGroup section */
	};
	rootObject = D88DB0081F942BAA00149357 /* Project object */;
}
